
Microsoft Visual Studio Solution File, Format Version 12.00
# Visual Studio 15
VisualStudioVersion = 15.0.27703.2018
MinimumVisualStudioVersion = 10.0.40219.1
Project("{FAE04EC0-301F-11D3-BF4B-00C04F79EFBC}") = "WindowsFormsApp1", "WindowsFormsApp1\WindowsFormsApp1.csproj", "{46C08372-4FCE-47EF-B14F-793BF6406D7E}"
EndProject
Global
	GlobalSection(SolutionConfigurationPlatforms) = preSolution
		Debug|Any CPU = Debug|Any CPU
		Release|Any CPU = Release|Any CPU
	EndGlobalSection
	GlobalSection(ProjectConfigurationPlatforms) = postSolution
		{46C08372-4FCE-47EF-B14F-793BF6406D7E}.Debug|Any CPU.ActiveCfg = Debug|Any CPU
		{46C08372-4FCE-47EF-B14F-793BF6406D7E}.Debug|Any CPU.Build.0 = Debug|Any CPU
		{46C08372-4FCE-47EF-B14F-793BF6406D7E}.Release|Any CPU.ActiveCfg = Release|Any CPU
		{46C08372-4FCE-47EF-B14F-793BF6406D7E}.Release|Any CPU.Build.0 = Release|Any CPU
	EndGlobalSection
	GlobalSection(SolutionProperties) = preSolution
		HideSolutionNode = FALSE
	EndGlobalSection
	GlobalSection(ExtensibilityGlobals) = postSolution
		SolutionGuid = {C98B96A9-13F6-4D7F-8D8B-E7984E29A9F8}
	EndGlobalSection
EndGlobal
